// !$*UTF8*$!
{
	archiveVersion = 1;
	classes = {
	};
	objectVersion = 56;
	objects = {

/* Begin PBXBuildFile section */
		9B2D45412AB32CA80018AE9E /* IndividualNumberReaderMock.swift in Sources */ = {isa = PBXBuildFile; fileRef = 9B2D45402AB32CA80018AE9E /* IndividualNumberReaderMock.swift */; };
		9B2D45442AB49ABA0018AE9E /* AuthenticationControllerProtocol.swift in Sources */ = {isa = PBXBuildFile; fileRef = 9B2D45432AB49ABA0018AE9E /* AuthenticationControllerProtocol.swift */; };
		9B2D45462AB4A39D0018AE9E /* AuthenticationControllerMock.swift in Sources */ = {isa = PBXBuildFile; fileRef = 9B2D45452AB4A39D0018AE9E /* AuthenticationControllerMock.swift */; };
		9B2D45482AB51D2F0018AE9E /* HTTPSessionProtocol.swift in Sources */ = {isa = PBXBuildFile; fileRef = 9B2D45472AB51D2F0018AE9E /* HTTPSessionProtocol.swift */; };
		9B2D454A2AB51DA80018AE9E /* HTTPSessionMock.swift in Sources */ = {isa = PBXBuildFile; fileRef = 9B2D45492AB51DA80018AE9E /* HTTPSessionMock.swift */; };
		9B59CACC2AB5842900B5F372 /* URLOpenerProtocol.swift in Sources */ = {isa = PBXBuildFile; fileRef = 9B59CACB2AB5842900B5F372 /* URLOpenerProtocol.swift */; };
		9B59CACE2AB5872700B5F372 /* URLOpenerMock.swift in Sources */ = {isa = PBXBuildFile; fileRef = 9B59CACD2AB5872700B5F372 /* URLOpenerMock.swift */; };
		9B59CAD02AB5C51500B5F372 /* URLSessionProtocol.swift in Sources */ = {isa = PBXBuildFile; fileRef = 9B59CACF2AB5C51500B5F372 /* URLSessionProtocol.swift */; };
		9B59CAD22AB5D39500B5F372 /* URLSessionDataTaskProtocol.swift in Sources */ = {isa = PBXBuildFile; fileRef = 9B59CAD12AB5D39500B5F372 /* URLSessionDataTaskProtocol.swift */; };
		9B59CAD42AB5D6DF00B5F372 /* URLSessionMock.swift in Sources */ = {isa = PBXBuildFile; fileRef = 9B59CAD32AB5D6DF00B5F372 /* URLSessionMock.swift */; };
		9B59CAD62AB5D6EA00B5F372 /* URLSessionDataTaskMock.swift in Sources */ = {isa = PBXBuildFile; fileRef = 9B59CAD52AB5D6EA00B5F372 /* URLSessionDataTaskMock.swift */; };
		9BCF20172AB92869008EEF8D /* UIApplicationTests.swift in Sources */ = {isa = PBXBuildFile; fileRef = 9BCF20162AB92869008EEF8D /* UIApplicationTests.swift */; };
		9BCF201B2AB9C031008EEF8D /* AuthenticationManagerCerts.json in Resources */ = {isa = PBXBuildFile; fileRef = 9BCF201A2AB9C031008EEF8D /* AuthenticationManagerCerts.json */; };
		9BCF201E2ABA36BA008EEF8D /* AuthenticationManagerCertificate.txt in Resources */ = {isa = PBXBuildFile; fileRef = 9BCF201D2ABA36BA008EEF8D /* AuthenticationManagerCertificate.txt */; };
		9F1F5DD42AADB6A3002FCD23 /* MyNumberCardAuthAppTests.swift in Sources */ = {isa = PBXBuildFile; fileRef = 9F1F5DD32AADB6A3002FCD23 /* MyNumberCardAuthAppTests.swift */; };
		9F1F5DFB2AADBBF3002FCD23 /* MyNumberCardAuthUITests.swift in Sources */ = {isa = PBXBuildFile; fileRef = 9F1F5DF02AADBB55002FCD23 /* MyNumberCardAuthUITests.swift */; };
		9F1F5DFC2AADBBF7002FCD23 /* MyNumberCardAuthUITestsLaunchTests.swift in Sources */ = {isa = PBXBuildFile; fileRef = 9F1F5DF22AADBB55002FCD23 /* MyNumberCardAuthUITestsLaunchTests.swift */; };
		9F1F5E002AADCDC4002FCD23 /* AuthenticationControllerTests.swift in Sources */ = {isa = PBXBuildFile; fileRef = 9F1F5DFF2AADCDC4002FCD23 /* AuthenticationControllerTests.swift */; };
		9F3D97972A5BCE2400FAF526 /* AppExplanationView.swift in Sources */ = {isa = PBXBuildFile; fileRef = 9F3D97962A5BCE2400FAF526 /* AppExplanationView.swift */; };
		9F41DCD12A550C7F0078FD7C /* AuthenticationController.swift in Sources */ = {isa = PBXBuildFile; fileRef = 9F41DCD02A550C7F0078FD7C /* AuthenticationController.swift */; };
		9F5BCA092A52658E004E95E6 /* SignatureViewController.swift in Sources */ = {isa = PBXBuildFile; fileRef = 9F5BCA082A52658E004E95E6 /* SignatureViewController.swift */; };
		9F6D48DF2AB416D200F64FFC /* AuthenticationManagerProtocol.swift in Sources */ = {isa = PBXBuildFile; fileRef = 9F6D48DC2AB413E600F64FFC /* AuthenticationManagerProtocol.swift */; };
		9F6D48E12AB418E400F64FFC /* AuthenticationManagerMock.swift in Sources */ = {isa = PBXBuildFile; fileRef = 9F6D48E02AB418E400F64FFC /* AuthenticationManagerMock.swift */; };
		9F6D48E82AB42A2A00F64FFC /* IndividualNumberReaderProtocol.swift in Sources */ = {isa = PBXBuildFile; fileRef = 9B2D453E2AB329EE0018AE9E /* IndividualNumberReaderProtocol.swift */; };
		9F6EDCA02AB06609000F2EDE /* SignatureViewControllerTests.swift in Sources */ = {isa = PBXBuildFile; fileRef = 9F6EDC9F2AB06609000F2EDE /* SignatureViewControllerTests.swift */; };
		9F6EDCA32AB06D03000F2EDE /* HTTPSessionTests.swift in Sources */ = {isa = PBXBuildFile; fileRef = 9F6EDCA22AB06D03000F2EDE /* HTTPSessionTests.swift */; };
		9F6EDCA52AB06EA9000F2EDE /* AuthenticationManagerTests.swift in Sources */ = {isa = PBXBuildFile; fileRef = 9F6EDCA42AB06EA9000F2EDE /* AuthenticationManagerTests.swift */; };
		9F931D902AA6FE1A009BA06A /* TRETJapanNFCReader-MIFARE-IndividualNumber in Frameworks */ = {isa = PBXBuildFile; productRef = 9F931D8F2AA6FE1A009BA06A /* TRETJapanNFCReader-MIFARE-IndividualNumber */; };
		9FB0C5052AB0568D00B970FE /* UserVerificationViewControllerTests.swift in Sources */ = {isa = PBXBuildFile; fileRef = 9FB0C5042AB0568D00B970FE /* UserVerificationViewControllerTests.swift */; };
		9FCA69B32A4BEE24008AC285 /* NFCReadingForSignatureView.swift in Sources */ = {isa = PBXBuildFile; fileRef = 9FCA69B22A4BEE24008AC285 /* NFCReadingForSignatureView.swift */; };
		9FD6AD982AB1AAE2009D0A67 /* JOSESwift in Frameworks */ = {isa = PBXBuildFile; productRef = 9FD6AD972AB1AAE2009D0A67 /* JOSESwift */; };
		9FE5928D2A57E91B000C3569 /* Localizable.strings in Resources */ = {isa = PBXBuildFile; fileRef = 9FE5928F2A57E91B000C3569 /* Localizable.strings */; };
		9FF1B6F62AAD9E9200793DD6 /* JOSESwift in Frameworks */ = {isa = PBXBuildFile; productRef = 9FF1B6F52AAD9E9200793DD6 /* JOSESwift */; };
		AD80228D29F0B402009EA409 /* MyNumberCardAuthApp.swift in Sources */ = {isa = PBXBuildFile; fileRef = AD80228C29F0B402009EA409 /* MyNumberCardAuthApp.swift */; };
		AD80228F29F0B402009EA409 /* ContentView.swift in Sources */ = {isa = PBXBuildFile; fileRef = AD80228E29F0B402009EA409 /* ContentView.swift */; };
		AD80229129F0B403009EA409 /* Assets.xcassets in Resources */ = {isa = PBXBuildFile; fileRef = AD80229029F0B403009EA409 /* Assets.xcassets */; };
		AD80229429F0B403009EA409 /* Preview Assets.xcassets in Resources */ = {isa = PBXBuildFile; fileRef = AD80229329F0B403009EA409 /* Preview Assets.xcassets */; };
		AD8022A129F0BB68009EA409 /* SmallButtonModifier.swift in Sources */ = {isa = PBXBuildFile; fileRef = AD8022A029F0BB68009EA409 /* SmallButtonModifier.swift */; };
		AD8022A329F0BBBF009EA409 /* NFCReadingForUserVerificationView.swift in Sources */ = {isa = PBXBuildFile; fileRef = AD8022A229F0BBBF009EA409 /* NFCReadingForUserVerificationView.swift */; };
		AD8022A729F0BC65009EA409 /* HTTPSession.swift in Sources */ = {isa = PBXBuildFile; fileRef = AD8022A629F0BC65009EA409 /* HTTPSession.swift */; };
		ADE94AA629F66CB700A98728 /* AuthenticationManager.swift in Sources */ = {isa = PBXBuildFile; fileRef = ADE94AA529F66CB700A98728 /* AuthenticationManager.swift */; };
		ADE94AA829F914CB00A98728 /* UserVerificationViewController.swift in Sources */ = {isa = PBXBuildFile; fileRef = ADE94AA729F914CB00A98728 /* UserVerificationViewController.swift */; };
/* End PBXBuildFile section */

/* Begin PBXContainerItemProxy section */
		9F1F5DD52AADB6A3002FCD23 /* PBXContainerItemProxy */ = {
			isa = PBXContainerItemProxy;
			containerPortal = AD80228129F0B402009EA409 /* Project object */;
			proxyType = 1;
			remoteGlobalIDString = AD80228829F0B402009EA409;
			remoteInfo = MyNumberCardAuth;
		};
		9F1F5DF42AADBB55002FCD23 /* PBXContainerItemProxy */ = {
			isa = PBXContainerItemProxy;
			containerPortal = AD80228129F0B402009EA409 /* Project object */;
			proxyType = 1;
			remoteGlobalIDString = AD80228829F0B402009EA409;
			remoteInfo = MyNumberCardAuth;
		};
/* End PBXContainerItemProxy section */

/* Begin PBXCopyFilesBuildPhase section */
		9FD1C09E2AA8869A00057715 /* Embed Frameworks */ = {
			isa = PBXCopyFilesBuildPhase;
			buildActionMask = 2147483647;
			dstPath = "";
			dstSubfolderSpec = 10;
			files = (
			);
			name = "Embed Frameworks";
			runOnlyForDeploymentPostprocessing = 0;
		};
/* End PBXCopyFilesBuildPhase section */

/* Begin PBXFileReference section */
		9B2D453E2AB329EE0018AE9E /* IndividualNumberReaderProtocol.swift */ = {isa = PBXFileReference; lastKnownFileType = sourcecode.swift; path = IndividualNumberReaderProtocol.swift; sourceTree = "<group>"; };
		9B2D45402AB32CA80018AE9E /* IndividualNumberReaderMock.swift */ = {isa = PBXFileReference; fileEncoding = 4; lastKnownFileType = sourcecode.swift; path = IndividualNumberReaderMock.swift; sourceTree = "<group>"; };
		9B2D45432AB49ABA0018AE9E /* AuthenticationControllerProtocol.swift */ = {isa = PBXFileReference; lastKnownFileType = sourcecode.swift; path = AuthenticationControllerProtocol.swift; sourceTree = "<group>"; };
		9B2D45452AB4A39D0018AE9E /* AuthenticationControllerMock.swift */ = {isa = PBXFileReference; lastKnownFileType = sourcecode.swift; path = AuthenticationControllerMock.swift; sourceTree = "<group>"; };
		9B2D45472AB51D2F0018AE9E /* HTTPSessionProtocol.swift */ = {isa = PBXFileReference; lastKnownFileType = sourcecode.swift; path = HTTPSessionProtocol.swift; sourceTree = "<group>"; };
		9B2D45492AB51DA80018AE9E /* HTTPSessionMock.swift */ = {isa = PBXFileReference; lastKnownFileType = sourcecode.swift; path = HTTPSessionMock.swift; sourceTree = "<group>"; };
		9B59CACB2AB5842900B5F372 /* URLOpenerProtocol.swift */ = {isa = PBXFileReference; lastKnownFileType = sourcecode.swift; path = URLOpenerProtocol.swift; sourceTree = "<group>"; };
		9B59CACD2AB5872700B5F372 /* URLOpenerMock.swift */ = {isa = PBXFileReference; lastKnownFileType = sourcecode.swift; path = URLOpenerMock.swift; sourceTree = "<group>"; };
		9B59CACF2AB5C51500B5F372 /* URLSessionProtocol.swift */ = {isa = PBXFileReference; lastKnownFileType = sourcecode.swift; path = URLSessionProtocol.swift; sourceTree = "<group>"; };
		9B59CAD12AB5D39500B5F372 /* URLSessionDataTaskProtocol.swift */ = {isa = PBXFileReference; lastKnownFileType = sourcecode.swift; path = URLSessionDataTaskProtocol.swift; sourceTree = "<group>"; };
		9B59CAD32AB5D6DF00B5F372 /* URLSessionMock.swift */ = {isa = PBXFileReference; lastKnownFileType = sourcecode.swift; path = URLSessionMock.swift; sourceTree = "<group>"; };
		9B59CAD52AB5D6EA00B5F372 /* URLSessionDataTaskMock.swift */ = {isa = PBXFileReference; lastKnownFileType = sourcecode.swift; path = URLSessionDataTaskMock.swift; sourceTree = "<group>"; };
		9BCF20162AB92869008EEF8D /* UIApplicationTests.swift */ = {isa = PBXFileReference; lastKnownFileType = sourcecode.swift; path = UIApplicationTests.swift; sourceTree = "<group>"; };
		9BCF201A2AB9C031008EEF8D /* AuthenticationManagerCerts.json */ = {isa = PBXFileReference; fileEncoding = 4; lastKnownFileType = text.json; path = AuthenticationManagerCerts.json; sourceTree = "<group>"; };
		9BCF201D2ABA36BA008EEF8D /* AuthenticationManagerCertificate.txt */ = {isa = PBXFileReference; fileEncoding = 4; lastKnownFileType = text; path = AuthenticationManagerCertificate.txt; sourceTree = "<group>"; };
		9F1F5DD12AADB6A3002FCD23 /* MyNumberCardAuthTests.xctest */ = {isa = PBXFileReference; explicitFileType = wrapper.cfbundle; includeInIndex = 0; path = MyNumberCardAuthTests.xctest; sourceTree = BUILT_PRODUCTS_DIR; };
		9F1F5DD32AADB6A3002FCD23 /* MyNumberCardAuthAppTests.swift */ = {isa = PBXFileReference; lastKnownFileType = sourcecode.swift; path = MyNumberCardAuthAppTests.swift; sourceTree = "<group>"; };
		9F1F5DDA2AADB70E002FCD23 /* MyNumberCardAuth.xctestplan */ = {isa = PBXFileReference; lastKnownFileType = text; path = MyNumberCardAuth.xctestplan; sourceTree = "<group>"; };
		9F1F5DEE2AADBB55002FCD23 /* MyNumberCardAuthUITests.xctest */ = {isa = PBXFileReference; explicitFileType = wrapper.cfbundle; includeInIndex = 0; path = MyNumberCardAuthUITests.xctest; sourceTree = BUILT_PRODUCTS_DIR; };
		9F1F5DF02AADBB55002FCD23 /* MyNumberCardAuthUITests.swift */ = {isa = PBXFileReference; lastKnownFileType = sourcecode.swift; path = MyNumberCardAuthUITests.swift; sourceTree = "<group>"; };
		9F1F5DF22AADBB55002FCD23 /* MyNumberCardAuthUITestsLaunchTests.swift */ = {isa = PBXFileReference; lastKnownFileType = sourcecode.swift; path = MyNumberCardAuthUITestsLaunchTests.swift; sourceTree = "<group>"; };
		9F1F5DFF2AADCDC4002FCD23 /* AuthenticationControllerTests.swift */ = {isa = PBXFileReference; lastKnownFileType = sourcecode.swift; path = AuthenticationControllerTests.swift; sourceTree = "<group>"; };
		9F3D97962A5BCE2400FAF526 /* AppExplanationView.swift */ = {isa = PBXFileReference; lastKnownFileType = sourcecode.swift; path = AppExplanationView.swift; sourceTree = "<group>"; };
		9F41DCD02A550C7F0078FD7C /* AuthenticationController.swift */ = {isa = PBXFileReference; lastKnownFileType = sourcecode.swift; path = AuthenticationController.swift; sourceTree = "<group>"; };
		9F5BCA082A52658E004E95E6 /* SignatureViewController.swift */ = {isa = PBXFileReference; lastKnownFileType = sourcecode.swift; path = SignatureViewController.swift; sourceTree = "<group>"; };
		9F6D48DC2AB413E600F64FFC /* AuthenticationManagerProtocol.swift */ = {isa = PBXFileReference; lastKnownFileType = sourcecode.swift; path = AuthenticationManagerProtocol.swift; sourceTree = "<group>"; };
		9F6D48E02AB418E400F64FFC /* AuthenticationManagerMock.swift */ = {isa = PBXFileReference; lastKnownFileType = sourcecode.swift; path = AuthenticationManagerMock.swift; sourceTree = "<group>"; };
		9F6EDC9F2AB06609000F2EDE /* SignatureViewControllerTests.swift */ = {isa = PBXFileReference; lastKnownFileType = sourcecode.swift; path = SignatureViewControllerTests.swift; sourceTree = "<group>"; };
		9F6EDCA22AB06D03000F2EDE /* HTTPSessionTests.swift */ = {isa = PBXFileReference; lastKnownFileType = sourcecode.swift; path = HTTPSessionTests.swift; sourceTree = "<group>"; };
		9F6EDCA42AB06EA9000F2EDE /* AuthenticationManagerTests.swift */ = {isa = PBXFileReference; lastKnownFileType = sourcecode.swift; path = AuthenticationManagerTests.swift; sourceTree = "<group>"; };
		9FB0C5042AB0568D00B970FE /* UserVerificationViewControllerTests.swift */ = {isa = PBXFileReference; lastKnownFileType = sourcecode.swift; path = UserVerificationViewControllerTests.swift; sourceTree = "<group>"; };
		9FCA69B22A4BEE24008AC285 /* NFCReadingForSignatureView.swift */ = {isa = PBXFileReference; lastKnownFileType = sourcecode.swift; path = NFCReadingForSignatureView.swift; sourceTree = "<group>"; };
		9FE5928E2A57E91B000C3569 /* ja */ = {isa = PBXFileReference; lastKnownFileType = text.plist.strings; name = ja; path = ja.lproj/Localizable.strings; sourceTree = "<group>"; };
		9FE592902A57E91F000C3569 /* en */ = {isa = PBXFileReference; lastKnownFileType = text.plist.strings; name = en; path = en.lproj/Localizable.strings; sourceTree = "<group>"; };
		9FF1B6F72AAD9EB100793DD6 /* MyNumberCardAuth.app */ = {isa = PBXFileReference; explicitFileType = wrapper.application; includeInIndex = 0; path = MyNumberCardAuth.app; sourceTree = BUILT_PRODUCTS_DIR; };
		AD80228C29F0B402009EA409 /* MyNumberCardAuthApp.swift */ = {isa = PBXFileReference; lastKnownFileType = sourcecode.swift; path = MyNumberCardAuthApp.swift; sourceTree = "<group>"; };
		AD80228E29F0B402009EA409 /* ContentView.swift */ = {isa = PBXFileReference; lastKnownFileType = sourcecode.swift; path = ContentView.swift; sourceTree = "<group>"; wrapsLines = 1; };
		AD80229029F0B403009EA409 /* Assets.xcassets */ = {isa = PBXFileReference; lastKnownFileType = folder.assetcatalog; path = Assets.xcassets; sourceTree = "<group>"; };
		AD80229329F0B403009EA409 /* Preview Assets.xcassets */ = {isa = PBXFileReference; lastKnownFileType = folder.assetcatalog; path = "Preview Assets.xcassets"; sourceTree = "<group>"; };
		AD80229C29F0B560009EA409 /* Info.plist */ = {isa = PBXFileReference; lastKnownFileType = text.plist; path = Info.plist; sourceTree = "<group>"; };
		AD8022A029F0BB68009EA409 /* SmallButtonModifier.swift */ = {isa = PBXFileReference; lastKnownFileType = sourcecode.swift; path = SmallButtonModifier.swift; sourceTree = "<group>"; };
		AD8022A229F0BBBF009EA409 /* NFCReadingForUserVerificationView.swift */ = {isa = PBXFileReference; lastKnownFileType = sourcecode.swift; path = NFCReadingForUserVerificationView.swift; sourceTree = "<group>"; };
		AD8022A629F0BC65009EA409 /* HTTPSession.swift */ = {isa = PBXFileReference; lastKnownFileType = sourcecode.swift; path = HTTPSession.swift; sourceTree = "<group>"; };
		AD8022AD29F0C47A009EA409 /* MyNumberCardAuth.entitlements */ = {isa = PBXFileReference; lastKnownFileType = text.plist.entitlements; path = MyNumberCardAuth.entitlements; sourceTree = "<group>"; };
		ADE94AA529F66CB700A98728 /* AuthenticationManager.swift */ = {isa = PBXFileReference; lastKnownFileType = sourcecode.swift; path = AuthenticationManager.swift; sourceTree = "<group>"; };
		ADE94AA729F914CB00A98728 /* UserVerificationViewController.swift */ = {isa = PBXFileReference; lastKnownFileType = sourcecode.swift; path = UserVerificationViewController.swift; sourceTree = "<group>"; };
/* End PBXFileReference section */

/* Begin PBXFrameworksBuildPhase section */
		9F1F5DCE2AADB6A3002FCD23 /* Frameworks */ = {
			isa = PBXFrameworksBuildPhase;
			buildActionMask = 2147483647;
			files = (
			);
			runOnlyForDeploymentPostprocessing = 0;
		};
		9F1F5DEB2AADBB55002FCD23 /* Frameworks */ = {
			isa = PBXFrameworksBuildPhase;
			buildActionMask = 2147483647;
			files = (
			);
			runOnlyForDeploymentPostprocessing = 0;
		};
		AD80228629F0B402009EA409 /* Frameworks */ = {
			isa = PBXFrameworksBuildPhase;
			buildActionMask = 2147483647;
			files = (
				9F931D902AA6FE1A009BA06A /* TRETJapanNFCReader-MIFARE-IndividualNumber in Frameworks */,
				9FF1B6F62AAD9E9200793DD6 /* JOSESwift in Frameworks */,
				9FD6AD982AB1AAE2009D0A67 /* JOSESwift in Frameworks */,
			);
			runOnlyForDeploymentPostprocessing = 0;
		};
/* End PBXFrameworksBuildPhase section */

/* Begin PBXGroup section */
		9BCF20152AB92853008EEF8D /* Views */ = {
			isa = PBXGroup;
			children = (
				9BCF20162AB92869008EEF8D /* UIApplicationTests.swift */,
			);
			path = Views;
			sourceTree = "<group>";
		};
		9F1F5DD22AADB6A3002FCD23 /* MyNumberCardAuthTests */ = {
			isa = PBXGroup;
			children = (
				9BCF20152AB92853008EEF8D /* Views */,
				9F6EDCA12AB06CE6000F2EDE /* Models */,
				9F1F5DFE2AADCD80002FCD23 /* Controllers */,
				9F1F5DD32AADB6A3002FCD23 /* MyNumberCardAuthAppTests.swift */,
				9F6D48E72AB42A0900F64FFC /* Mocks */,
			);
			path = MyNumberCardAuthTests;
			sourceTree = "<group>";
		};
		9F1F5DEF2AADBB55002FCD23 /* MyNumberCardAuthUITests */ = {
			isa = PBXGroup;
			children = (
				9F1F5DF02AADBB55002FCD23 /* MyNumberCardAuthUITests.swift */,
				9F1F5DF22AADBB55002FCD23 /* MyNumberCardAuthUITestsLaunchTests.swift */,
			);
			path = MyNumberCardAuthUITests;
			sourceTree = "<group>";
		};
		9F1F5DFE2AADCD80002FCD23 /* Controllers */ = {
			isa = PBXGroup;
			children = (
				9F1F5DFF2AADCDC4002FCD23 /* AuthenticationControllerTests.swift */,
				9FB0C5042AB0568D00B970FE /* UserVerificationViewControllerTests.swift */,
				9F6EDC9F2AB06609000F2EDE /* SignatureViewControllerTests.swift */,
			);
			path = Controllers;
			sourceTree = "<group>";
		};
		9F6D48DE2AB416A100F64FFC /* Protocols */ = {
			isa = PBXGroup;
			children = (
				9B2D45432AB49ABA0018AE9E /* AuthenticationControllerProtocol.swift */,
				9B2D45472AB51D2F0018AE9E /* HTTPSessionProtocol.swift */,
				9F6D48DC2AB413E600F64FFC /* AuthenticationManagerProtocol.swift */,
				9B2D453E2AB329EE0018AE9E /* IndividualNumberReaderProtocol.swift */,
				9B59CACB2AB5842900B5F372 /* URLOpenerProtocol.swift */,
				9B59CACF2AB5C51500B5F372 /* URLSessionProtocol.swift */,
				9B59CAD12AB5D39500B5F372 /* URLSessionDataTaskProtocol.swift */,
			);
			path = Protocols;
			sourceTree = "<group>";
		};
		9F6D48E72AB42A0900F64FFC /* Mocks */ = {
			isa = PBXGroup;
			children = (
				9B2D45452AB4A39D0018AE9E /* AuthenticationControllerMock.swift */,
				9B2D45492AB51DA80018AE9E /* HTTPSessionMock.swift */,
				9F6D48E02AB418E400F64FFC /* AuthenticationManagerMock.swift */,
				9B2D45402AB32CA80018AE9E /* IndividualNumberReaderMock.swift */,
				9B59CACD2AB5872700B5F372 /* URLOpenerMock.swift */,
				9B59CAD32AB5D6DF00B5F372 /* URLSessionMock.swift */,
				9B59CAD52AB5D6EA00B5F372 /* URLSessionDataTaskMock.swift */,
			);
			path = Mocks;
			sourceTree = "<group>";
		};
		9F6EDCA12AB06CE6000F2EDE /* Models */ = {
			isa = PBXGroup;
			children = (
				9F6EDCA22AB06D03000F2EDE /* HTTPSessionTests.swift */,
				9F6EDCA42AB06EA9000F2EDE /* AuthenticationManagerTests.swift */,
				9BCF201A2AB9C031008EEF8D /* AuthenticationManagerCerts.json */,
				9BCF201D2ABA36BA008EEF8D /* AuthenticationManagerCertificate.txt */,
			);
			path = Models;
			sourceTree = "<group>";
		};
		9FE592852A57E81D000C3569 /* Language */ = {
			isa = PBXGroup;
			children = (
				9FE5928F2A57E91B000C3569 /* Localizable.strings */,
			);
			path = Language;
			sourceTree = "<group>";
		};
		AD80228029F0B402009EA409 = {
			isa = PBXGroup;
			children = (
				9F1F5DDA2AADB70E002FCD23 /* MyNumberCardAuth.xctestplan */,
				AD80228B29F0B402009EA409 /* MyNumberCardAuth */,
				9F1F5DD22AADB6A3002FCD23 /* MyNumberCardAuthTests */,
				9F1F5DEF2AADBB55002FCD23 /* MyNumberCardAuthUITests */,
				AD80229D29F0B666009EA409 /* Frameworks */,
				9FF1B6F72AAD9EB100793DD6 /* MyNumberCardAuth.app */,
				9F1F5DD12AADB6A3002FCD23 /* MyNumberCardAuthTests.xctest */,
				9F1F5DEE2AADBB55002FCD23 /* MyNumberCardAuthUITests.xctest */,
			);
			sourceTree = "<group>";
		};
		AD80228B29F0B402009EA409 /* MyNumberCardAuth */ = {
			isa = PBXGroup;
			children = (
				AD8022AD29F0C47A009EA409 /* MyNumberCardAuth.entitlements */,
				AD80229C29F0B560009EA409 /* Info.plist */,
				AD80228C29F0B402009EA409 /* MyNumberCardAuthApp.swift */,
				AD8022AA29F0BF46009EA409 /* Controllers */,
				AD8022A829F0BEB6009EA409 /* Views */,
				AD8022A929F0BEF7009EA409 /* Models */,
				AD8022A029F0BB68009EA409 /* SmallButtonModifier.swift */,
				AD80229029F0B403009EA409 /* Assets.xcassets */,
				9F6D48DE2AB416A100F64FFC /* Protocols */,
				9FE592852A57E81D000C3569 /* Language */,
				AD80229229F0B403009EA409 /* Preview Content */,
			);
			path = MyNumberCardAuth;
			sourceTree = "<group>";
		};
		AD80229229F0B403009EA409 /* Preview Content */ = {
			isa = PBXGroup;
			children = (
				AD80229329F0B403009EA409 /* Preview Assets.xcassets */,
			);
			path = "Preview Content";
			sourceTree = "<group>";
		};
		AD80229D29F0B666009EA409 /* Frameworks */ = {
			isa = PBXGroup;
			children = (
			);
			name = Frameworks;
			sourceTree = "<group>";
		};
		AD8022A829F0BEB6009EA409 /* Views */ = {
			isa = PBXGroup;
			children = (
				AD80228E29F0B402009EA409 /* ContentView.swift */,
				AD8022A229F0BBBF009EA409 /* NFCReadingForUserVerificationView.swift */,
				9FCA69B22A4BEE24008AC285 /* NFCReadingForSignatureView.swift */,
				9F3D97962A5BCE2400FAF526 /* AppExplanationView.swift */,
			);
			path = Views;
			sourceTree = "<group>";
		};
		AD8022A929F0BEF7009EA409 /* Models */ = {
			isa = PBXGroup;
			children = (
				AD8022A629F0BC65009EA409 /* HTTPSession.swift */,
				ADE94AA529F66CB700A98728 /* AuthenticationManager.swift */,
			);
			path = Models;
			sourceTree = "<group>";
		};
		AD8022AA29F0BF46009EA409 /* Controllers */ = {
			isa = PBXGroup;
			children = (
				ADE94AA729F914CB00A98728 /* UserVerificationViewController.swift */,
				9F5BCA082A52658E004E95E6 /* SignatureViewController.swift */,
				9F41DCD02A550C7F0078FD7C /* AuthenticationController.swift */,
			);
			path = Controllers;
			sourceTree = "<group>";
		};
/* End PBXGroup section */

/* Begin PBXNativeTarget section */
		9F1F5DD02AADB6A3002FCD23 /* MyNumberCardAuthTests */ = {
			isa = PBXNativeTarget;
			buildConfigurationList = 9F1F5DD92AADB6A3002FCD23 /* Build configuration list for PBXNativeTarget "MyNumberCardAuthTests" */;
			buildPhases = (
				9F1F5DCD2AADB6A3002FCD23 /* Sources */,
				9F1F5DCE2AADB6A3002FCD23 /* Frameworks */,
				9F1F5DCF2AADB6A3002FCD23 /* Resources */,
			);
			buildRules = (
			);
			dependencies = (
				9F1F5DD62AADB6A3002FCD23 /* PBXTargetDependency */,
			);
			name = MyNumberCardAuthTests;
			productName = MyNumberCardAuthTests;
			productReference = 9F1F5DD12AADB6A3002FCD23 /* MyNumberCardAuthTests.xctest */;
			productType = "com.apple.product-type.bundle.unit-test";
		};
		9F1F5DED2AADBB55002FCD23 /* MyNumberCardAuthUITests */ = {
			isa = PBXNativeTarget;
			buildConfigurationList = 9F1F5DF82AADBB55002FCD23 /* Build configuration list for PBXNativeTarget "MyNumberCardAuthUITests" */;
			buildPhases = (
				9F1F5DEA2AADBB55002FCD23 /* Sources */,
				9F1F5DEB2AADBB55002FCD23 /* Frameworks */,
				9F1F5DEC2AADBB55002FCD23 /* Resources */,
			);
			buildRules = (
			);
			dependencies = (
				9F1F5DF52AADBB55002FCD23 /* PBXTargetDependency */,
			);
			name = MyNumberCardAuthUITests;
			productName = MyNumberCardAuthUITests;
			productReference = 9F1F5DEE2AADBB55002FCD23 /* MyNumberCardAuthUITests.xctest */;
			productType = "com.apple.product-type.bundle.ui-testing";
		};
		AD80228829F0B402009EA409 /* MyNumberCardAuth */ = {
			isa = PBXNativeTarget;
			buildConfigurationList = AD80229729F0B403009EA409 /* Build configuration list for PBXNativeTarget "MyNumberCardAuth" */;
			buildPhases = (
				AD80228529F0B402009EA409 /* Sources */,
				AD80228629F0B402009EA409 /* Frameworks */,
				AD80228729F0B402009EA409 /* Resources */,
				9FD1C09E2AA8869A00057715 /* Embed Frameworks */,
				9B2D453D2AB1F9490018AE9E /* SwiftFormat */,
			);
			buildRules = (
			);
			dependencies = (
			);
			name = MyNumberCardAuth;
			packageProductDependencies = (
				9F931D8F2AA6FE1A009BA06A /* TRETJapanNFCReader-MIFARE-IndividualNumber */,
				9FF1B6F52AAD9E9200793DD6 /* JOSESwift */,
				9FD6AD972AB1AAE2009D0A67 /* JOSESwift */,
			);
			productName = MyNumberCardAuth;
			productReference = 9FF1B6F72AAD9EB100793DD6 /* MyNumberCardAuth.app */;
			productType = "com.apple.product-type.application";
		};
/* End PBXNativeTarget section */

/* Begin PBXProject section */
		AD80228129F0B402009EA409 /* Project object */ = {
			isa = PBXProject;
			attributes = {
				BuildIndependentTargetsInParallel = 1;
				LastSwiftUpdateCheck = 1430;
				LastUpgradeCheck = 1430;
				TargetAttributes = {
					9F1F5DD02AADB6A3002FCD23 = {
						CreatedOnToolsVersion = 14.3;
						TestTargetID = AD80228829F0B402009EA409;
					};
					9F1F5DED2AADBB55002FCD23 = {
						CreatedOnToolsVersion = 14.3;
						TestTargetID = AD80228829F0B402009EA409;
					};
					AD80228829F0B402009EA409 = {
						CreatedOnToolsVersion = 14.2;
					};
				};
			};
			buildConfigurationList = AD80228429F0B402009EA409 /* Build configuration list for PBXProject "MyNumberCardAuth" */;
			compatibilityVersion = "Xcode 14.0";
			developmentRegion = en;
			hasScannedForEncodings = 0;
			knownRegions = (
				en,
				Base,
				ja,
			);
			mainGroup = AD80228029F0B402009EA409;
			packageReferences = (
				9FD6AD962AB1AAE2009D0A67 /* XCRemoteSwiftPackageReference "JOSESwift" */,
				9FD6AD992AB1AB37009D0A67 /* XCRemoteSwiftPackageReference "TRETJapanNFCReader" */,
			);
			projectDirPath = "";
			projectRoot = "";
			targets = (
				AD80228829F0B402009EA409 /* MyNumberCardAuth */,
				9F1F5DD02AADB6A3002FCD23 /* MyNumberCardAuthTests */,
				9F1F5DED2AADBB55002FCD23 /* MyNumberCardAuthUITests */,
			);
		};
/* End PBXProject section */

/* Begin PBXResourcesBuildPhase section */
		9F1F5DCF2AADB6A3002FCD23 /* Resources */ = {
			isa = PBXResourcesBuildPhase;
			buildActionMask = 2147483647;
			files = (
				9BCF201E2ABA36BA008EEF8D /* AuthenticationManagerCertificate.txt in Resources */,
				9BCF201B2AB9C031008EEF8D /* AuthenticationManagerCerts.json in Resources */,
			);
			runOnlyForDeploymentPostprocessing = 0;
		};
		9F1F5DEC2AADBB55002FCD23 /* Resources */ = {
			isa = PBXResourcesBuildPhase;
			buildActionMask = 2147483647;
			files = (
			);
			runOnlyForDeploymentPostprocessing = 0;
		};
		AD80228729F0B402009EA409 /* Resources */ = {
			isa = PBXResourcesBuildPhase;
			buildActionMask = 2147483647;
			files = (
				9FE5928D2A57E91B000C3569 /* Localizable.strings in Resources */,
				AD80229429F0B403009EA409 /* Preview Assets.xcassets in Resources */,
				AD80229129F0B403009EA409 /* Assets.xcassets in Resources */,
			);
			runOnlyForDeploymentPostprocessing = 0;
		};
/* End PBXResourcesBuildPhase section */

/* Begin PBXShellScriptBuildPhase section */
		9B2D453D2AB1F9490018AE9E /* SwiftFormat */ = {
			isa = PBXShellScriptBuildPhase;
			alwaysOutOfDate = 1;
			buildActionMask = 2147483647;
			files = (
			);
			inputFileListPaths = (
			);
			inputPaths = (
			);
			name = SwiftFormat;
			outputFileListPaths = (
			);
			outputPaths = (
			);
			runOnlyForDeploymentPostprocessing = 0;
			shellPath = /bin/sh;
			shellScript = "SDKROOT=(xcrun --sdk macosx --show-sdk-path)\n#swift package update #Uncomment this line temporarily to update the version used to the latest matching your BuildTools/Package.swift file\nswift run -c release --package-path BuildTools swiftformat \"$SRCROOT\"\n";
		};
/* End PBXShellScriptBuildPhase section */

/* Begin PBXSourcesBuildPhase section */
		9F1F5DCD2AADB6A3002FCD23 /* Sources */ = {
			isa = PBXSourcesBuildPhase;
			buildActionMask = 2147483647;
			files = (
				9B59CAD42AB5D6DF00B5F372 /* URLSessionMock.swift in Sources */,
				9F6EDCA32AB06D03000F2EDE /* HTTPSessionTests.swift in Sources */,
				9F6EDCA52AB06EA9000F2EDE /* AuthenticationManagerTests.swift in Sources */,
				9B2D45462AB4A39D0018AE9E /* AuthenticationControllerMock.swift in Sources */,
				9F1F5DD42AADB6A3002FCD23 /* MyNumberCardAuthAppTests.swift in Sources */,
				9B2D45412AB32CA80018AE9E /* IndividualNumberReaderMock.swift in Sources */,
				9B59CACE2AB5872700B5F372 /* URLOpenerMock.swift in Sources */,
				9F6EDCA02AB06609000F2EDE /* SignatureViewControllerTests.swift in Sources */,
				9B2D454A2AB51DA80018AE9E /* HTTPSessionMock.swift in Sources */,
				9B59CAD62AB5D6EA00B5F372 /* URLSessionDataTaskMock.swift in Sources */,
				9BCF20172AB92869008EEF8D /* UIApplicationTests.swift in Sources */,
				9FB0C5052AB0568D00B970FE /* UserVerificationViewControllerTests.swift in Sources */,
				9F1F5E002AADCDC4002FCD23 /* AuthenticationControllerTests.swift in Sources */,
				9F6D48E12AB418E400F64FFC /* AuthenticationManagerMock.swift in Sources */,
			);
			runOnlyForDeploymentPostprocessing = 0;
		};
		9F1F5DEA2AADBB55002FCD23 /* Sources */ = {
			isa = PBXSourcesBuildPhase;
			buildActionMask = 2147483647;
			files = (
				9F1F5DFB2AADBBF3002FCD23 /* MyNumberCardAuthUITests.swift in Sources */,
				9F1F5DFC2AADBBF7002FCD23 /* MyNumberCardAuthUITestsLaunchTests.swift in Sources */,
			);
			runOnlyForDeploymentPostprocessing = 0;
		};
		AD80228529F0B402009EA409 /* Sources */ = {
			isa = PBXSourcesBuildPhase;
			buildActionMask = 2147483647;
			files = (
				9B59CACC2AB5842900B5F372 /* URLOpenerProtocol.swift in Sources */,
				9FCA69B32A4BEE24008AC285 /* NFCReadingForSignatureView.swift in Sources */,
				9B59CAD22AB5D39500B5F372 /* URLSessionDataTaskProtocol.swift in Sources */,
				AD8022A729F0BC65009EA409 /* HTTPSession.swift in Sources */,
				AD80228F29F0B402009EA409 /* ContentView.swift in Sources */,
				9F5BCA092A52658E004E95E6 /* SignatureViewController.swift in Sources */,
				9B2D45482AB51D2F0018AE9E /* HTTPSessionProtocol.swift in Sources */,
				ADE94AA629F66CB700A98728 /* AuthenticationManager.swift in Sources */,
				9F41DCD12A550C7F0078FD7C /* AuthenticationController.swift in Sources */,
				AD8022A129F0BB68009EA409 /* SmallButtonModifier.swift in Sources */,
				9B2D45442AB49ABA0018AE9E /* AuthenticationControllerProtocol.swift in Sources */,
				9F6D48DF2AB416D200F64FFC /* AuthenticationManagerProtocol.swift in Sources */,
				AD80228D29F0B402009EA409 /* MyNumberCardAuthApp.swift in Sources */,
				ADE94AA829F914CB00A98728 /* UserVerificationViewController.swift in Sources */,
				9F3D97972A5BCE2400FAF526 /* AppExplanationView.swift in Sources */,
				9B59CAD02AB5C51500B5F372 /* URLSessionProtocol.swift in Sources */,
				9F6D48E82AB42A2A00F64FFC /* IndividualNumberReaderProtocol.swift in Sources */,
				AD8022A329F0BBBF009EA409 /* NFCReadingForUserVerificationView.swift in Sources */,
			);
			runOnlyForDeploymentPostprocessing = 0;
		};
/* End PBXSourcesBuildPhase section */

/* Begin PBXTargetDependency section */
		9F1F5DD62AADB6A3002FCD23 /* PBXTargetDependency */ = {
			isa = PBXTargetDependency;
			target = AD80228829F0B402009EA409 /* MyNumberCardAuth */;
			targetProxy = 9F1F5DD52AADB6A3002FCD23 /* PBXContainerItemProxy */;
		};
		9F1F5DF52AADBB55002FCD23 /* PBXTargetDependency */ = {
			isa = PBXTargetDependency;
			target = AD80228829F0B402009EA409 /* MyNumberCardAuth */;
			targetProxy = 9F1F5DF42AADBB55002FCD23 /* PBXContainerItemProxy */;
		};
/* End PBXTargetDependency section */

/* Begin PBXVariantGroup section */
		9FE5928F2A57E91B000C3569 /* Localizable.strings */ = {
			isa = PBXVariantGroup;
			children = (
				9FE5928E2A57E91B000C3569 /* ja */,
				9FE592902A57E91F000C3569 /* en */,
			);
			name = Localizable.strings;
			sourceTree = "<group>";
		};
/* End PBXVariantGroup section */

/* Begin XCBuildConfiguration section */
		9F1F5DD72AADB6A3002FCD23 /* Debug */ = {
			isa = XCBuildConfiguration;
			buildSettings = {
				BUNDLE_LOADER = "$(TEST_HOST)";
				CODE_SIGN_STYLE = Automatic;
				CURRENT_PROJECT_VERSION = 1;
				DEVELOPMENT_TEAM = 8WFPCA36MV;
				GENERATE_INFOPLIST_FILE = YES;
				IPHONEOS_DEPLOYMENT_TARGET = 16.4;
				MARKETING_VERSION = 1.0;
				PRODUCT_BUNDLE_IDENTIFIER = com.example.MyNumberCardAuthTests;
				PRODUCT_NAME = "$(TARGET_NAME)";
				SWIFT_EMIT_LOC_STRINGS = NO;
				SWIFT_VERSION = 5.0;
				TARGETED_DEVICE_FAMILY = "1,2";
				TEST_HOST = "$(BUILT_PRODUCTS_DIR)/MyNumberCardAuth.app/$(BUNDLE_EXECUTABLE_FOLDER_PATH)/MyNumberCardAuth";
			};
			name = Debug;
		};
		9F1F5DD82AADB6A3002FCD23 /* Release */ = {
			isa = XCBuildConfiguration;
			buildSettings = {
				BUNDLE_LOADER = "$(TEST_HOST)";
				CODE_SIGN_STYLE = Automatic;
				CURRENT_PROJECT_VERSION = 1;
				DEVELOPMENT_TEAM = 8WFPCA36MV;
				GENERATE_INFOPLIST_FILE = YES;
				IPHONEOS_DEPLOYMENT_TARGET = 16.4;
				MARKETING_VERSION = 1.0;
				PRODUCT_BUNDLE_IDENTIFIER = com.example.MyNumberCardAuthTests;
				PRODUCT_NAME = "$(TARGET_NAME)";
				SWIFT_EMIT_LOC_STRINGS = NO;
				SWIFT_VERSION = 5.0;
				TARGETED_DEVICE_FAMILY = "1,2";
				TEST_HOST = "$(BUILT_PRODUCTS_DIR)/MyNumberCardAuth.app/$(BUNDLE_EXECUTABLE_FOLDER_PATH)/MyNumberCardAuth";
			};
			name = Release;
		};
		9F1F5DF62AADBB55002FCD23 /* Debug */ = {
			isa = XCBuildConfiguration;
			buildSettings = {
				CODE_SIGN_STYLE = Automatic;
				CURRENT_PROJECT_VERSION = 1;
				DEVELOPMENT_TEAM = 8WFPCA36MV;
				GENERATE_INFOPLIST_FILE = YES;
				IPHONEOS_DEPLOYMENT_TARGET = 16.4;
				MARKETING_VERSION = 1.0;
				PRODUCT_BUNDLE_IDENTIFIER = com.example.MyNumberCardAuthUITests;
				PRODUCT_NAME = "$(TARGET_NAME)";
				SWIFT_EMIT_LOC_STRINGS = NO;
				SWIFT_VERSION = 5.0;
				TARGETED_DEVICE_FAMILY = "1,2";
				TEST_TARGET_NAME = MyNumberCardAuth;
			};
			name = Debug;
		};
		9F1F5DF72AADBB55002FCD23 /* Release */ = {
			isa = XCBuildConfiguration;
			buildSettings = {
				CODE_SIGN_STYLE = Automatic;
				CURRENT_PROJECT_VERSION = 1;
				DEVELOPMENT_TEAM = 8WFPCA36MV;
				GENERATE_INFOPLIST_FILE = YES;
				IPHONEOS_DEPLOYMENT_TARGET = 16.4;
				MARKETING_VERSION = 1.0;
				PRODUCT_BUNDLE_IDENTIFIER = com.example.MyNumberCardAuthUITests;
				PRODUCT_NAME = "$(TARGET_NAME)";
				SWIFT_EMIT_LOC_STRINGS = NO;
				SWIFT_VERSION = 5.0;
				TARGETED_DEVICE_FAMILY = "1,2";
				TEST_TARGET_NAME = MyNumberCardAuth;
			};
			name = Release;
		};
		AD80229529F0B403009EA409 /* Debug */ = {
			isa = XCBuildConfiguration;
			buildSettings = {
				ALWAYS_SEARCH_USER_PATHS = NO;
				CLANG_ANALYZER_LOCALIZABILITY_NONLOCALIZED = YES;
				CLANG_ANALYZER_NONNULL = YES;
				CLANG_ANALYZER_NUMBER_OBJECT_CONVERSION = YES_AGGRESSIVE;
				CLANG_CXX_LANGUAGE_STANDARD = "gnu++20";
				CLANG_ENABLE_MODULES = YES;
				CLANG_ENABLE_OBJC_ARC = YES;
				CLANG_ENABLE_OBJC_WEAK = YES;
				CLANG_WARN_BLOCK_CAPTURE_AUTORELEASING = YES;
				CLANG_WARN_BOOL_CONVERSION = YES;
				CLANG_WARN_COMMA = YES;
				CLANG_WARN_CONSTANT_CONVERSION = YES;
				CLANG_WARN_DEPRECATED_OBJC_IMPLEMENTATIONS = YES;
				CLANG_WARN_DIRECT_OBJC_ISA_USAGE = YES_ERROR;
				CLANG_WARN_DOCUMENTATION_COMMENTS = YES;
				CLANG_WARN_EMPTY_BODY = YES;
				CLANG_WARN_ENUM_CONVERSION = YES;
				CLANG_WARN_INFINITE_RECURSION = YES;
				CLANG_WARN_INT_CONVERSION = YES;
				CLANG_WARN_NON_LITERAL_NULL_CONVERSION = YES;
				CLANG_WARN_OBJC_IMPLICIT_RETAIN_SELF = YES;
				CLANG_WARN_OBJC_LITERAL_CONVERSION = YES;
				CLANG_WARN_OBJC_ROOT_CLASS = YES_ERROR;
				CLANG_WARN_QUOTED_INCLUDE_IN_FRAMEWORK_HEADER = YES;
				CLANG_WARN_RANGE_LOOP_ANALYSIS = YES;
				CLANG_WARN_STRICT_PROTOTYPES = YES;
				CLANG_WARN_SUSPICIOUS_MOVE = YES;
				CLANG_WARN_UNGUARDED_AVAILABILITY = YES_AGGRESSIVE;
				CLANG_WARN_UNREACHABLE_CODE = YES;
				CLANG_WARN__DUPLICATE_METHOD_MATCH = YES;
				COPY_PHASE_STRIP = NO;
				DEBUG_INFORMATION_FORMAT = dwarf;
				ENABLE_STRICT_OBJC_MSGSEND = YES;
				ENABLE_TESTABILITY = YES;
				GCC_C_LANGUAGE_STANDARD = gnu11;
				GCC_DYNAMIC_NO_PIC = NO;
				GCC_NO_COMMON_BLOCKS = YES;
				GCC_OPTIMIZATION_LEVEL = 0;
				GCC_PREPROCESSOR_DEFINITIONS = (
					"DEBUG=1",
					"$(inherited)",
				);
				GCC_WARN_64_TO_32_BIT_CONVERSION = YES;
				GCC_WARN_ABOUT_RETURN_TYPE = YES_ERROR;
				GCC_WARN_UNDECLARED_SELECTOR = YES;
				GCC_WARN_UNINITIALIZED_AUTOS = YES_AGGRESSIVE;
				GCC_WARN_UNUSED_FUNCTION = YES;
				GCC_WARN_UNUSED_VARIABLE = YES;
				IPHONEOS_DEPLOYMENT_TARGET = 16.2;
				MTL_ENABLE_DEBUG_INFO = INCLUDE_SOURCE;
				MTL_FAST_MATH = YES;
				ONLY_ACTIVE_ARCH = YES;
				SDKROOT = iphoneos;
				SWIFT_ACTIVE_COMPILATION_CONDITIONS = DEBUG;
				SWIFT_OPTIMIZATION_LEVEL = "-Onone";
			};
			name = Debug;
		};
		AD80229629F0B403009EA409 /* Release */ = {
			isa = XCBuildConfiguration;
			buildSettings = {
				ALWAYS_SEARCH_USER_PATHS = NO;
				CLANG_ANALYZER_LOCALIZABILITY_NONLOCALIZED = YES;
				CLANG_ANALYZER_NONNULL = YES;
				CLANG_ANALYZER_NUMBER_OBJECT_CONVERSION = YES_AGGRESSIVE;
				CLANG_CXX_LANGUAGE_STANDARD = "gnu++20";
				CLANG_ENABLE_MODULES = YES;
				CLANG_ENABLE_OBJC_ARC = YES;
				CLANG_ENABLE_OBJC_WEAK = YES;
				CLANG_WARN_BLOCK_CAPTURE_AUTORELEASING = YES;
				CLANG_WARN_BOOL_CONVERSION = YES;
				CLANG_WARN_COMMA = YES;
				CLANG_WARN_CONSTANT_CONVERSION = YES;
				CLANG_WARN_DEPRECATED_OBJC_IMPLEMENTATIONS = YES;
				CLANG_WARN_DIRECT_OBJC_ISA_USAGE = YES_ERROR;
				CLANG_WARN_DOCUMENTATION_COMMENTS = YES;
				CLANG_WARN_EMPTY_BODY = YES;
				CLANG_WARN_ENUM_CONVERSION = YES;
				CLANG_WARN_INFINITE_RECURSION = YES;
				CLANG_WARN_INT_CONVERSION = YES;
				CLANG_WARN_NON_LITERAL_NULL_CONVERSION = YES;
				CLANG_WARN_OBJC_IMPLICIT_RETAIN_SELF = YES;
				CLANG_WARN_OBJC_LITERAL_CONVERSION = YES;
				CLANG_WARN_OBJC_ROOT_CLASS = YES_ERROR;
				CLANG_WARN_QUOTED_INCLUDE_IN_FRAMEWORK_HEADER = YES;
				CLANG_WARN_RANGE_LOOP_ANALYSIS = YES;
				CLANG_WARN_STRICT_PROTOTYPES = YES;
				CLANG_WARN_SUSPICIOUS_MOVE = YES;
				CLANG_WARN_UNGUARDED_AVAILABILITY = YES_AGGRESSIVE;
				CLANG_WARN_UNREACHABLE_CODE = YES;
				CLANG_WARN__DUPLICATE_METHOD_MATCH = YES;
				COPY_PHASE_STRIP = NO;
				DEBUG_INFORMATION_FORMAT = "dwarf-with-dsym";
				ENABLE_NS_ASSERTIONS = NO;
				ENABLE_STRICT_OBJC_MSGSEND = YES;
				GCC_C_LANGUAGE_STANDARD = gnu11;
				GCC_NO_COMMON_BLOCKS = YES;
				GCC_WARN_64_TO_32_BIT_CONVERSION = YES;
				GCC_WARN_ABOUT_RETURN_TYPE = YES_ERROR;
				GCC_WARN_UNDECLARED_SELECTOR = YES;
				GCC_WARN_UNINITIALIZED_AUTOS = YES_AGGRESSIVE;
				GCC_WARN_UNUSED_FUNCTION = YES;
				GCC_WARN_UNUSED_VARIABLE = YES;
				IPHONEOS_DEPLOYMENT_TARGET = 16.2;
				MTL_ENABLE_DEBUG_INFO = NO;
				MTL_FAST_MATH = YES;
				SDKROOT = iphoneos;
				SWIFT_COMPILATION_MODE = wholemodule;
				SWIFT_OPTIMIZATION_LEVEL = "-O";
				VALIDATE_PRODUCT = YES;
			};
			name = Release;
		};
		AD80229829F0B403009EA409 /* Debug */ = {
			isa = XCBuildConfiguration;
			buildSettings = {
				ASSETCATALOG_COMPILER_APPICON_NAME = AppIcon;
				ASSETCATALOG_COMPILER_GLOBAL_ACCENT_COLOR_NAME = AccentColor;
				CODE_SIGN_ENTITLEMENTS = MyNumberCardAuth/MyNumberCardAuth.entitlements;
				CODE_SIGN_STYLE = Automatic;
				CURRENT_PROJECT_VERSION = 1;
				DEVELOPMENT_ASSET_PATHS = "\"MyNumberCardAuth/Preview Content\"";
				DEVELOPMENT_TEAM = 8WFPCA36MV;
				ENABLE_PREVIEWS = YES;
				GENERATE_INFOPLIST_FILE = YES;
				INFOPLIST_FILE = MyNumberCardAuth/Info.plist;
				INFOPLIST_KEY_CFBundleDisplayName = "";
				INFOPLIST_KEY_NFCReaderUsageDescription = "マイナンバーカードの読み取り";
				INFOPLIST_KEY_UIApplicationSupportsIndirectInputEvents = YES;
				INFOPLIST_KEY_UILaunchScreen_Generation = YES;
				INFOPLIST_KEY_UISupportedInterfaceOrientations_iPad = "UIInterfaceOrientationPortrait UIInterfaceOrientationPortraitUpsideDown UIInterfaceOrientationLandscapeLeft UIInterfaceOrientationLandscapeRight";
				INFOPLIST_KEY_UISupportedInterfaceOrientations_iPhone = "UIInterfaceOrientationPortrait UIInterfaceOrientationLandscapeLeft UIInterfaceOrientationLandscapeRight";
				LD_RUNPATH_SEARCH_PATHS = (
					"$(inherited)",
					"@executable_path/Frameworks",
				);
				MARKETING_VERSION = 1.0;
				PRODUCT_BUNDLE_IDENTIFIER = com.example.MyNumberCardAuth;
				PRODUCT_NAME = "$(TARGET_NAME)";
				SWIFT_EMIT_LOC_STRINGS = YES;
				SWIFT_VERSION = 5.0;
				TARGETED_DEVICE_FAMILY = "1,2";
			};
			name = Debug;
		};
		AD80229929F0B403009EA409 /* Release */ = {
			isa = XCBuildConfiguration;
			buildSettings = {
				ASSETCATALOG_COMPILER_APPICON_NAME = AppIcon;
				ASSETCATALOG_COMPILER_GLOBAL_ACCENT_COLOR_NAME = AccentColor;
				CODE_SIGN_ENTITLEMENTS = MyNumberCardAuth/MyNumberCardAuth.entitlements;
				CODE_SIGN_STYLE = Automatic;
				CURRENT_PROJECT_VERSION = 1;
				DEVELOPMENT_ASSET_PATHS = "\"MyNumberCardAuth/Preview Content\"";
				DEVELOPMENT_TEAM = 8WFPCA36MV;
				ENABLE_PREVIEWS = YES;
				GENERATE_INFOPLIST_FILE = YES;
				INFOPLIST_FILE = MyNumberCardAuth/Info.plist;
				INFOPLIST_KEY_CFBundleDisplayName = "";
				INFOPLIST_KEY_NFCReaderUsageDescription = "マイナンバーカードの読み取り";
				INFOPLIST_KEY_UIApplicationSupportsIndirectInputEvents = YES;
				INFOPLIST_KEY_UILaunchScreen_Generation = YES;
				INFOPLIST_KEY_UISupportedInterfaceOrientations_iPad = "UIInterfaceOrientationPortrait UIInterfaceOrientationPortraitUpsideDown UIInterfaceOrientationLandscapeLeft UIInterfaceOrientationLandscapeRight";
				INFOPLIST_KEY_UISupportedInterfaceOrientations_iPhone = "UIInterfaceOrientationPortrait UIInterfaceOrientationLandscapeLeft UIInterfaceOrientationLandscapeRight";
				LD_RUNPATH_SEARCH_PATHS = (
					"$(inherited)",
					"@executable_path/Frameworks",
				);
				MARKETING_VERSION = 1.0;
				PRODUCT_BUNDLE_IDENTIFIER = com.example.MyNumberCardAuth;
				PRODUCT_NAME = "$(TARGET_NAME)";
				SWIFT_EMIT_LOC_STRINGS = YES;
				SWIFT_VERSION = 5.0;
				TARGETED_DEVICE_FAMILY = "1,2";
			};
			name = Release;
		};
/* End XCBuildConfiguration section */

/* Begin XCConfigurationList section */
		9F1F5DD92AADB6A3002FCD23 /* Build configuration list for PBXNativeTarget "MyNumberCardAuthTests" */ = {
			isa = XCConfigurationList;
			buildConfigurations = (
				9F1F5DD72AADB6A3002FCD23 /* Debug */,
				9F1F5DD82AADB6A3002FCD23 /* Release */,
			);
			defaultConfigurationIsVisible = 0;
			defaultConfigurationName = Release;
		};
		9F1F5DF82AADBB55002FCD23 /* Build configuration list for PBXNativeTarget "MyNumberCardAuthUITests" */ = {
			isa = XCConfigurationList;
			buildConfigurations = (
				9F1F5DF62AADBB55002FCD23 /* Debug */,
				9F1F5DF72AADBB55002FCD23 /* Release */,
			);
			defaultConfigurationIsVisible = 0;
			defaultConfigurationName = Release;
		};
		AD80228429F0B402009EA409 /* Build configuration list for PBXProject "MyNumberCardAuth" */ = {
			isa = XCConfigurationList;
			buildConfigurations = (
				AD80229529F0B403009EA409 /* Debug */,
				AD80229629F0B403009EA409 /* Release */,
			);
			defaultConfigurationIsVisible = 0;
			defaultConfigurationName = Release;
		};
		AD80229729F0B403009EA409 /* Build configuration list for PBXNativeTarget "MyNumberCardAuth" */ = {
			isa = XCConfigurationList;
			buildConfigurations = (
				AD80229829F0B403009EA409 /* Debug */,
				AD80229929F0B403009EA409 /* Release */,
			);
			defaultConfigurationIsVisible = 0;
			defaultConfigurationName = Release;
		};
/* End XCConfigurationList section */

/* Begin XCRemoteSwiftPackageReference section */
		9FD6AD962AB1AAE2009D0A67 /* XCRemoteSwiftPackageReference "JOSESwift" */ = {
			isa = XCRemoteSwiftPackageReference;
			repositoryURL = "https://github.com/airsidemobile/JOSESwift.git";
			requirement = {
				kind = upToNextMajorVersion;
				minimumVersion = 2.0.0;
			};
		};
		9FD6AD992AB1AB37009D0A67 /* XCRemoteSwiftPackageReference "TRETJapanNFCReader" */ = {
			isa = XCRemoteSwiftPackageReference;
			repositoryURL = "https://github.com/c-3lab/TRETJapanNFCReader.git";
			requirement = {
				branch = ios/fix/lib;
				kind = branch;
			};
		};
		9FF1B6F42AAD9E9200793DD6 /* XCRemoteSwiftPackageReference "JOSESwift" */ = {
			isa = XCRemoteSwiftPackageReference;
			repositoryURL = "https://github.com/airsidemobile/JOSESwift.git";
			requirement = {
				kind = upToNextMajorVersion;
				minimumVersion = 2.0.0;
			};
		};
/* End XCRemoteSwiftPackageReference section */

/* Begin XCSwiftPackageProductDependency section */
		9F931D8F2AA6FE1A009BA06A /* TRETJapanNFCReader-MIFARE-IndividualNumber */ = {
			isa = XCSwiftPackageProductDependency;
			productName = "TRETJapanNFCReader-MIFARE-IndividualNumber";
		};
		9FD6AD972AB1AAE2009D0A67 /* JOSESwift */ = {
			isa = XCSwiftPackageProductDependency;
			package = 9FD6AD962AB1AAE2009D0A67 /* XCRemoteSwiftPackageReference "JOSESwift" */;
			productName = JOSESwift;
		};
		9FF1B6F52AAD9E9200793DD6 /* JOSESwift */ = {
			isa = XCSwiftPackageProductDependency;
			package = 9FF1B6F42AAD9E9200793DD6 /* XCRemoteSwiftPackageReference "JOSESwift" */;
			productName = JOSESwift;
		};
/* End XCSwiftPackageProductDependency section */
	};
	rootObject = AD80228129F0B402009EA409 /* Project object */;
}
